// !$*UTF8*$!
{
	archiveVersion = 1;
	classes = {
	};
	objectVersion = 46;
	objects = {

/* Begin PBXBuildFile section */
		1D5F07250201F500F7D7C18D /* Pods.framework in Frameworks */ = {isa = PBXBuildFile; fileRef = 4BF92A06DDEF7EFAD19B6FED /* Pods.framework */; settings = {ATTRIBUTES = (Weak, ); }; };
		D0062C1A1BA3591A00EEA5CA /* ConfigurationManager.swift in Sources */ = {isa = PBXBuildFile; fileRef = D0062C191BA3591A00EEA5CA /* ConfigurationManager.swift */; settings = {ASSET_TAGS = (); }; };
		D02B24381BA769AD00013654 /* PublishingViewController.swift in Sources */ = {isa = PBXBuildFile; fileRef = D02B24371BA769AD00013654 /* PublishingViewController.swift */; settings = {ASSET_TAGS = (); }; };
		D02B243A1BA769FC00013654 /* hugomac.PublishingViewController.xib in Resources */ = {isa = PBXBuildFile; fileRef = D02B24391BA769FC00013654 /* hugomac.PublishingViewController.xib */; settings = {ASSET_TAGS = (); }; };
		D0E460131B94D7CA0082A5C3 /* AppDelegate.swift in Sources */ = {isa = PBXBuildFile; fileRef = D0E460121B94D7CA0082A5C3 /* AppDelegate.swift */; };
		D0E460151B94D7CA0082A5C3 /* ViewController.swift in Sources */ = {isa = PBXBuildFile; fileRef = D0E460141B94D7CA0082A5C3 /* ViewController.swift */; };
		D0E460171B94D7CA0082A5C3 /* Assets.xcassets in Resources */ = {isa = PBXBuildFile; fileRef = D0E460161B94D7CA0082A5C3 /* Assets.xcassets */; };
		D0E4601A1B94D7CA0082A5C3 /* Main.storyboard in Resources */ = {isa = PBXBuildFile; fileRef = D0E460181B94D7CA0082A5C3 /* Main.storyboard */; };
		D0E460221B94DEC00082A5C3 /* HugoController.swift in Sources */ = {isa = PBXBuildFile; fileRef = D0E460211B94DEC00082A5C3 /* HugoController.swift */; };
		D0E460241B94E1340082A5C3 /* hugo_0.14_darwin_amd64 in Resources */ = {isa = PBXBuildFile; fileRef = D0E460231B94E1180082A5C3 /* hugo_0.14_darwin_amd64 */; };
		D0E460261B9513790082A5C3 /* PreferencesViewController.swift in Sources */ = {isa = PBXBuildFile; fileRef = D0E460251B9513790082A5C3 /* PreferencesViewController.swift */; };
		D0E460291B9515510082A5C3 /* hugomac.PreferencesViewController.xib in Resources */ = {isa = PBXBuildFile; fileRef = D0E460281B9515510082A5C3 /* hugomac.PreferencesViewController.xib */; };
/* End PBXBuildFile section */

/* Begin PBXFileReference section */
		4BF92A06DDEF7EFAD19B6FED /* Pods.framework */ = {isa = PBXFileReference; explicitFileType = wrapper.framework; includeInIndex = 0; path = Pods.framework; sourceTree = BUILT_PRODUCTS_DIR; };
		B0AF7B671224BFB45DC9D350 /* Pods.release.xcconfig */ = {isa = PBXFileReference; includeInIndex = 1; lastKnownFileType = text.xcconfig; name = Pods.release.xcconfig; path = "Pods/Target Support Files/Pods/Pods.release.xcconfig"; sourceTree = "<group>"; };
		D0062C191BA3591A00EEA5CA /* ConfigurationManager.swift */ = {isa = PBXFileReference; fileEncoding = 4; lastKnownFileType = sourcecode.swift; path = ConfigurationManager.swift; sourceTree = "<group>"; };
		D02B24371BA769AD00013654 /* PublishingViewController.swift */ = {isa = PBXFileReference; fileEncoding = 4; lastKnownFileType = sourcecode.swift; name = PublishingViewController.swift; path = ../PublishingViewController.swift; sourceTree = "<group>"; };
		D02B24391BA769FC00013654 /* hugomac.PublishingViewController.xib */ = {isa = PBXFileReference; fileEncoding = 4; lastKnownFileType = file.xib; path = hugomac.PublishingViewController.xib; sourceTree = "<group>"; };
		D0E4600F1B94D7CA0082A5C3 /* hugomac.app */ = {isa = PBXFileReference; explicitFileType = wrapper.application; includeInIndex = 0; path = hugomac.app; sourceTree = BUILT_PRODUCTS_DIR; };
		D0E460121B94D7CA0082A5C3 /* AppDelegate.swift */ = {isa = PBXFileReference; lastKnownFileType = sourcecode.swift; path = AppDelegate.swift; sourceTree = "<group>"; };
		D0E460141B94D7CA0082A5C3 /* ViewController.swift */ = {isa = PBXFileReference; lastKnownFileType = sourcecode.swift; path = ViewController.swift; sourceTree = "<group>"; };
		D0E460161B94D7CA0082A5C3 /* Assets.xcassets */ = {isa = PBXFileReference; lastKnownFileType = folder.assetcatalog; path = Assets.xcassets; sourceTree = "<group>"; };
		D0E460191B94D7CA0082A5C3 /* Base */ = {isa = PBXFileReference; lastKnownFileType = file.storyboard; name = Base; path = Base.lproj/Main.storyboard; sourceTree = "<group>"; };
		D0E4601B1B94D7CA0082A5C3 /* Info.plist */ = {isa = PBXFileReference; lastKnownFileType = text.plist.xml; path = Info.plist; sourceTree = "<group>"; };
		D0E460211B94DEC00082A5C3 /* HugoController.swift */ = {isa = PBXFileReference; fileEncoding = 4; lastKnownFileType = sourcecode.swift; path = HugoController.swift; sourceTree = "<group>"; };
		D0E460231B94E1180082A5C3 /* hugo_0.14_darwin_amd64 */ = {isa = PBXFileReference; lastKnownFileType = "compiled.mach-o.executable"; path = hugo_0.14_darwin_amd64; sourceTree = "<group>"; };
		D0E460251B9513790082A5C3 /* PreferencesViewController.swift */ = {isa = PBXFileReference; fileEncoding = 4; lastKnownFileType = sourcecode.swift; path = PreferencesViewController.swift; sourceTree = "<group>"; };
		D0E460271B9515130082A5C3 /* Hugomac-Bridging-Header.h */ = {isa = PBXFileReference; lastKnownFileType = sourcecode.c.h; path = "Hugomac-Bridging-Header.h"; sourceTree = "<group>"; };
		D0E460281B9515510082A5C3 /* hugomac.PreferencesViewController.xib */ = {isa = PBXFileReference; fileEncoding = 4; lastKnownFileType = file.xib; path = hugomac.PreferencesViewController.xib; sourceTree = "<group>"; };
		D88362590EF4BE8DACE77AD0 /* Pods.debug.xcconfig */ = {isa = PBXFileReference; includeInIndex = 1; lastKnownFileType = text.xcconfig; name = Pods.debug.xcconfig; path = "Pods/Target Support Files/Pods/Pods.debug.xcconfig"; sourceTree = "<group>"; };
/* End PBXFileReference section */

/* Begin PBXFrameworksBuildPhase section */
		D0E4600C1B94D7CA0082A5C3 /* Frameworks */ = {
			isa = PBXFrameworksBuildPhase;
			buildActionMask = 2147483647;
			files = (
				1D5F07250201F500F7D7C18D /* Pods.framework in Frameworks */,
			);
			runOnlyForDeploymentPostprocessing = 0;
		};
/* End PBXFrameworksBuildPhase section */

/* Begin PBXGroup section */
		653F5E45B559604906FC743B /* Frameworks */ = {
			isa = PBXGroup;
			children = (
				4BF92A06DDEF7EFAD19B6FED /* Pods.framework */,
			);
			name = Frameworks;
			sourceTree = "<group>";
		};
		77A50CA9BFCFD805E9462E5F /* Pods */ = {
			isa = PBXGroup;
			children = (
				D88362590EF4BE8DACE77AD0 /* Pods.debug.xcconfig */,
				B0AF7B671224BFB45DC9D350 /* Pods.release.xcconfig */,
			);
			name = Pods;
			sourceTree = "<group>";
		};
		D0E460061B94D7CA0082A5C3 = {
			isa = PBXGroup;
			children = (
				D0E460271B9515130082A5C3 /* Hugomac-Bridging-Header.h */,
				D0E460231B94E1180082A5C3 /* hugo_0.14_darwin_amd64 */,
				D0E460111B94D7CA0082A5C3 /* hugomac */,
				D0E460101B94D7CA0082A5C3 /* Products */,
				77A50CA9BFCFD805E9462E5F /* Pods */,
				653F5E45B559604906FC743B /* Frameworks */,
			);
			sourceTree = "<group>";
		};
		D0E460101B94D7CA0082A5C3 /* Products */ = {
			isa = PBXGroup;
			children = (
				D0E4600F1B94D7CA0082A5C3 /* hugomac.app */,
			);
			name = Products;
			sourceTree = "<group>";
		};
		D0E460111B94D7CA0082A5C3 /* hugomac */ = {
			isa = PBXGroup;
			children = (
				D0E460121B94D7CA0082A5C3 /* AppDelegate.swift */,
				D0E460141B94D7CA0082A5C3 /* ViewController.swift */,
				D0E460251B9513790082A5C3 /* PreferencesViewController.swift */,
				D0E460281B9515510082A5C3 /* hugomac.PreferencesViewController.xib */,
				D02B24371BA769AD00013654 /* PublishingViewController.swift */,
				D02B24391BA769FC00013654 /* hugomac.PublishingViewController.xib */,
				D0E460211B94DEC00082A5C3 /* HugoController.swift */,
				D0062C191BA3591A00EEA5CA /* ConfigurationManager.swift */,
				D0E460161B94D7CA0082A5C3 /* Assets.xcassets */,
				D0E460181B94D7CA0082A5C3 /* Main.storyboard */,
				D0E4601B1B94D7CA0082A5C3 /* Info.plist */,
			);
			path = hugomac;
			sourceTree = "<group>";
		};
/* End PBXGroup section */

/* Begin PBXNativeTarget section */
		D0E4600E1B94D7CA0082A5C3 /* hugomac */ = {
			isa = PBXNativeTarget;
			buildConfigurationList = D0E4601E1B94D7CA0082A5C3 /* Build configuration list for PBXNativeTarget "hugomac" */;
			buildPhases = (
				F1599EC3EBCF1268AA157C4C /* Check Pods Manifest.lock */,
				D0E4600B1B94D7CA0082A5C3 /* Sources */,
				D0E4600C1B94D7CA0082A5C3 /* Frameworks */,
				D0E4600D1B94D7CA0082A5C3 /* Resources */,
				B52B1CD12F63BDD3A57780C4 /* Copy Pods Resources */,
				D2F95A2635F2E4A4FDF995DA /* Embed Pods Frameworks */,
			);
			buildRules = (
			);
			dependencies = (
			);
			name = hugomac;
			productName = hugomac;
			productReference = D0E4600F1B94D7CA0082A5C3 /* hugomac.app */;
			productType = "com.apple.product-type.application";
		};
/* End PBXNativeTarget section */

/* Begin PBXProject section */
		D0E460071B94D7CA0082A5C3 /* Project object */ = {
			isa = PBXProject;
			attributes = {
				LastSwiftUpdateCheck = 0700;
				LastUpgradeCheck = 0700;
				ORGANIZATIONNAME = "Launch Apps";
				TargetAttributes = {
					D0E4600E1B94D7CA0082A5C3 = {
						CreatedOnToolsVersion = 7.0;
					};
				};
			};
			buildConfigurationList = D0E4600A1B94D7CA0082A5C3 /* Build configuration list for PBXProject "hugomac" */;
			compatibilityVersion = "Xcode 3.2";
			developmentRegion = English;
			hasScannedForEncodings = 0;
			knownRegions = (
				en,
				Base,
			);
			mainGroup = D0E460061B94D7CA0082A5C3;
			productRefGroup = D0E460101B94D7CA0082A5C3 /* Products */;
			projectDirPath = "";
			projectRoot = "";
			targets = (
				D0E4600E1B94D7CA0082A5C3 /* hugomac */,
			);
		};
/* End PBXProject section */

/* Begin PBXResourcesBuildPhase section */
		D0E4600D1B94D7CA0082A5C3 /* Resources */ = {
			isa = PBXResourcesBuildPhase;
			buildActionMask = 2147483647;
			files = (
				D0E460241B94E1340082A5C3 /* hugo_0.14_darwin_amd64 in Resources */,
				D0E460171B94D7CA0082A5C3 /* Assets.xcassets in Resources */,
				D0E4601A1B94D7CA0082A5C3 /* Main.storyboard in Resources */,
				D02B243A1BA769FC00013654 /* hugomac.PublishingViewController.xib in Resources */,
				D0E460291B9515510082A5C3 /* hugomac.PreferencesViewController.xib in Resources */,
			);
			runOnlyForDeploymentPostprocessing = 0;
		};
/* End PBXResourcesBuildPhase section */

/* Begin PBXShellScriptBuildPhase section */
		B52B1CD12F63BDD3A57780C4 /* Copy Pods Resources */ = {
			isa = PBXShellScriptBuildPhase;
			buildActionMask = 2147483647;
			files = (
			);
			inputPaths = (
			);
			name = "Copy Pods Resources";
			outputPaths = (
			);
			runOnlyForDeploymentPostprocessing = 0;
			shellPath = /bin/sh;
			shellScript = "\"${SRCROOT}/Pods/Target Support Files/Pods/Pods-resources.sh\"\n";
			showEnvVarsInLog = 0;
		};
		D2F95A2635F2E4A4FDF995DA /* Embed Pods Frameworks */ = {
			isa = PBXShellScriptBuildPhase;
			buildActionMask = 2147483647;
			files = (
			);
			inputPaths = (
			);
			name = "Embed Pods Frameworks";
			outputPaths = (
			);
			runOnlyForDeploymentPostprocessing = 0;
			shellPath = /bin/sh;
			shellScript = "\"${SRCROOT}/Pods/Target Support Files/Pods/Pods-frameworks.sh\"\n";
			showEnvVarsInLog = 0;
		};
		F1599EC3EBCF1268AA157C4C /* Check Pods Manifest.lock */ = {
			isa = PBXShellScriptBuildPhase;
			buildActionMask = 2147483647;
			files = (
			);
			inputPaths = (
			);
			name = "Check Pods Manifest.lock";
			outputPaths = (
			);
			runOnlyForDeploymentPostprocessing = 0;
			shellPath = /bin/sh;
			shellScript = "diff \"${PODS_ROOT}/../Podfile.lock\" \"${PODS_ROOT}/Manifest.lock\" > /dev/null\nif [[ $? != 0 ]] ; then\n    cat << EOM\nerror: The sandbox is not in sync with the Podfile.lock. Run 'pod install' or update your CocoaPods installation.\nEOM\n    exit 1\nfi\n";
			showEnvVarsInLog = 0;
		};
/* End PBXShellScriptBuildPhase section */

/* Begin PBXSourcesBuildPhase section */
		D0E4600B1B94D7CA0082A5C3 /* Sources */ = {
			isa = PBXSourcesBuildPhase;
			buildActionMask = 2147483647;
			files = (
				D0062C1A1BA3591A00EEA5CA /* ConfigurationManager.swift in Sources */,
				D02B24381BA769AD00013654 /* PublishingViewController.swift in Sources */,
				D0E460151B94D7CA0082A5C3 /* ViewController.swift in Sources */,
				D0E460221B94DEC00082A5C3 /* HugoController.swift in Sources */,
				D0E460131B94D7CA0082A5C3 /* AppDelegate.swift in Sources */,
				D0E460261B9513790082A5C3 /* PreferencesViewController.swift in Sources */,
			);
			runOnlyForDeploymentPostprocessing = 0;
		};
/* End PBXSourcesBuildPhase section */

/* Begin PBXVariantGroup section */
		D0E460181B94D7CA0082A5C3 /* Main.storyboard */ = {
			isa = PBXVariantGroup;
			children = (
				D0E460191B94D7CA0082A5C3 /* Base */,
			);
			name = Main.storyboard;
			sourceTree = "<group>";
		};
/* End PBXVariantGroup section */

/* Begin XCBuildConfiguration section */
		D0E4601C1B94D7CA0082A5C3 /* Debug */ = {
			isa = XCBuildConfiguration;
			buildSettings = {
				ALWAYS_SEARCH_USER_PATHS = NO;
				CLANG_CXX_LANGUAGE_STANDARD = "gnu++0x";
				CLANG_CXX_LIBRARY = "libc++";
				CLANG_ENABLE_MODULES = YES;
				CLANG_ENABLE_OBJC_ARC = YES;
				CLANG_WARN_BOOL_CONVERSION = YES;
				CLANG_WARN_CONSTANT_CONVERSION = YES;
				CLANG_WARN_DIRECT_OBJC_ISA_USAGE = YES_ERROR;
				CLANG_WARN_EMPTY_BODY = YES;
				CLANG_WARN_ENUM_CONVERSION = YES;
				CLANG_WARN_INT_CONVERSION = YES;
				CLANG_WARN_OBJC_ROOT_CLASS = YES_ERROR;
				CLANG_WARN_UNREACHABLE_CODE = YES;
				CLANG_WARN__DUPLICATE_METHOD_MATCH = YES;
				CODE_SIGN_IDENTITY = "-";
				COPY_PHASE_STRIP = NO;
				DEBUG_INFORMATION_FORMAT = dwarf;
				ENABLE_STRICT_OBJC_MSGSEND = YES;
				ENABLE_TESTABILITY = YES;
				GCC_C_LANGUAGE_STANDARD = gnu99;
				GCC_DYNAMIC_NO_PIC = NO;
				GCC_NO_COMMON_BLOCKS = YES;
				GCC_OPTIMIZATION_LEVEL = 0;
				GCC_PREPROCESSOR_DEFINITIONS = (
					"DEBUG=1",
					"$(inherited)",
				);
				GCC_WARN_64_TO_32_BIT_CONVERSION = YES;
				GCC_WARN_ABOUT_RETURN_TYPE = YES_ERROR;
				GCC_WARN_UNDECLARED_SELECTOR = YES;
				GCC_WARN_UNINITIALIZED_AUTOS = YES_AGGRESSIVE;
				GCC_WARN_UNUSED_FUNCTION = YES;
				GCC_WARN_UNUSED_VARIABLE = YES;
				MACOSX_DEPLOYMENT_TARGET = 10.10;
				MTL_ENABLE_DEBUG_INFO = YES;
				ONLY_ACTIVE_ARCH = YES;
				SDKROOT = macosx;
				SWIFT_OPTIMIZATION_LEVEL = "-Onone";
			};
			name = Debug;
		};
		D0E4601D1B94D7CA0082A5C3 /* Release */ = {
			isa = XCBuildConfiguration;
			buildSettings = {
				ALWAYS_SEARCH_USER_PATHS = NO;
				CLANG_CXX_LANGUAGE_STANDARD = "gnu++0x";
				CLANG_CXX_LIBRARY = "libc++";
				CLANG_ENABLE_MODULES = YES;
				CLANG_ENABLE_OBJC_ARC = YES;
				CLANG_WARN_BOOL_CONVERSION = YES;
				CLANG_WARN_CONSTANT_CONVERSION = YES;
				CLANG_WARN_DIRECT_OBJC_ISA_USAGE = YES_ERROR;
				CLANG_WARN_EMPTY_BODY = YES;
				CLANG_WARN_ENUM_CONVERSION = YES;
				CLANG_WARN_INT_CONVERSION = YES;
				CLANG_WARN_OBJC_ROOT_CLASS = YES_ERROR;
				CLANG_WARN_UNREACHABLE_CODE = YES;
				CLANG_WARN__DUPLICATE_METHOD_MATCH = YES;
				CODE_SIGN_IDENTITY = "-";
				COPY_PHASE_STRIP = NO;
				DEBUG_INFORMATION_FORMAT = "dwarf-with-dsym";
				ENABLE_NS_ASSERTIONS = NO;
				ENABLE_STRICT_OBJC_MSGSEND = YES;
				GCC_C_LANGUAGE_STANDARD = gnu99;
				GCC_NO_COMMON_BLOCKS = YES;
				GCC_WARN_64_TO_32_BIT_CONVERSION = YES;
				GCC_WARN_ABOUT_RETURN_TYPE = YES_ERROR;
				GCC_WARN_UNDECLARED_SELECTOR = YES;
				GCC_WARN_UNINITIALIZED_AUTOS = YES_AGGRESSIVE;
				GCC_WARN_UNUSED_FUNCTION = YES;
				GCC_WARN_UNUSED_VARIABLE = YES;
				MACOSX_DEPLOYMENT_TARGET = 10.10;
				MTL_ENABLE_DEBUG_INFO = NO;
				SDKROOT = macosx;
			};
			name = Release;
		};
		D0E4601F1B94D7CA0082A5C3 /* Debug */ = {
			isa = XCBuildConfiguration;
			baseConfigurationReference = D88362590EF4BE8DACE77AD0 /* Pods.debug.xcconfig */;
			buildSettings = {
				ASSETCATALOG_COMPILER_APPICON_NAME = AppIcon;
				COMBINE_HIDPI_IMAGES = YES;
				INFOPLIST_FILE = hugomac/Info.plist;
				LD_RUNPATH_SEARCH_PATHS = "$(inherited) @executable_path/../Frameworks";
				OTHER_LDFLAGS = (
					"$(inherited)",
					"-ObjC",
					"-l\"Pods-AWSCore\"",
					"-l\"Pods-AWSS3\"",
					"-l\"c++\"",
					"-l\"sqlite3\"",
					"-l\"z\"",
					"-framework",
					"\"Crashlytics\"",
					"-framework",
					"\"Fabric\"",
					"-framework",
					"\"Foundation\"",
					"-framework",
					"\"Security\"",
					"-framework",
					"\"SystemConfiguration\"",
				);
				PRODUCT_BUNDLE_IDENTIFIER = net.launchapps.hugomac;
				PRODUCT_NAME = "$(TARGET_NAME)";
				SWIFT_OBJC_BRIDGING_HEADER = "Hugomac-Bridging-Header.h";
			};
			name = Debug;
		};
		D0E460201B94D7CA0082A5C3 /* Release */ = {
			isa = XCBuildConfiguration;
			baseConfigurationReference = B0AF7B671224BFB45DC9D350 /* Pods.release.xcconfig */;
			buildSettings = {
				ASSETCATALOG_COMPILER_APPICON_NAME = AppIcon;
				COMBINE_HIDPI_IMAGES = YES;
				INFOPLIST_FILE = hugomac/Info.plist;
				LD_RUNPATH_SEARCH_PATHS = "$(inherited) @executable_path/../Frameworks";
				OTHER_LDFLAGS = (
					"$(inherited)",
					"-ObjC",
					"-l\"Pods-AWSCore\"",
					"-l\"Pods-AWSS3\"",
					"-l\"c++\"",
					"-l\"sqlite3\"",
					"-l\"z\"",
					"-framework",
					"\"Crashlytics\"",
					"-framework",
					"\"Fabric\"",
					"-framework",
					"\"Foundation\"",
					"-framework",
					"\"Security\"",
					"-framework",
					"\"SystemConfiguration\"",
				);
				PRODUCT_BUNDLE_IDENTIFIER = net.launchapps.hugomac;
				PRODUCT_NAME = "$(TARGET_NAME)";
				SWIFT_OBJC_BRIDGING_HEADER = "Hugomac-Bridging-Header.h";
			};
			name = Release;
		};
/* End XCBuildConfiguration section */

/* Begin XCConfigurationList section */
		D0E4600A1B94D7CA0082A5C3 /* Build configuration list for PBXProject "hugomac" */ = {
			isa = XCConfigurationList;
			buildConfigurations = (
				D0E4601C1B94D7CA0082A5C3 /* Debug */,
				D0E4601D1B94D7CA0082A5C3 /* Release */,
			);
			defaultConfigurationIsVisible = 0;
			defaultConfigurationName = Release;
		};
		D0E4601E1B94D7CA0082A5C3 /* Build configuration list for PBXNativeTarget "hugomac" */ = {
			isa = XCConfigurationList;
			buildConfigurations = (
				D0E4601F1B94D7CA0082A5C3 /* Debug */,
				D0E460201B94D7CA0082A5C3 /* Release */,
			);
			defaultConfigurationIsVisible = 0;
			defaultConfigurationName = Release;
		};
/* End XCConfigurationList section */
	};
	rootObject = D0E460071B94D7CA0082A5C3 /* Project object */;
}
